# This file was autogenerated by Stack.
# You should not edit this file by hand.
# For more information, please see the documentation at:
#   https://docs.haskellstack.org/en/stable/lock_files

packages:
- completed:
    hackage: nat-sized-numbers-0.1.0.0@sha256:4276d445edb78cc22cf2b6049b69b3306f67e9c37bf83e4421f4d22c66523e62,1298
    pantry-tree:
      size: 357
      sha256: cd596995544bf30c71ea41c732c3ffdd0c920be0535a131a659dd90c81e14db2
  original:
    hackage: nat-sized-numbers-0.1.0.0
snapshots:
- completed:
    size: 506735
    url: https://raw.githubusercontent.com/commercialhaskell/stackage-snapshots/master/lts/12/19.yaml
    sha256: 78de20c2fce471a4c4a19e935e216538e7f0308f6f15ad72aedc5484de45f09b
  original: lts-12.19
